// !$*UTF8*$!
{
	archiveVersion = 1;
	classes = {
	};
	objectVersion = 56;
	objects = {

/* Begin PBXBuildFile section */
		5CD09C882C9070DD003078A7 /* AppDelegate.swift in Sources */ = {isa = PBXBuildFile; fileRef = 5CD09C872C9070DD003078A7 /* AppDelegate.swift */; };
		5CD09C8A2C9070DD003078A7 /* SceneDelegate.swift in Sources */ = {isa = PBXBuildFile; fileRef = 5CD09C892C9070DD003078A7 /* SceneDelegate.swift */; };
		5CD09C8C2C9070DD003078A7 /* ViewController.swift in Sources */ = {isa = PBXBuildFile; fileRef = 5CD09C8B2C9070DD003078A7 /* ViewController.swift */; };
		5CD09C8F2C9070DD003078A7 /* Base in Resources */ = {isa = PBXBuildFile; fileRef = 5CD09C8E2C9070DD003078A7 /* Base */; };
		5CD09C912C9070DF003078A7 /* Assets.xcassets in Resources */ = {isa = PBXBuildFile; fileRef = 5CD09C902C9070DF003078A7 /* Assets.xcassets */; };
		5CD09C942C9070DF003078A7 /* Base in Resources */ = {isa = PBXBuildFile; fileRef = 5CD09C932C9070DF003078A7 /* Base */; };
		5CD09CA82C9A1B87003078A7 /* Pretendard-Thin.otf in Resources */ = {isa = PBXBuildFile; fileRef = 5CD09C9F2C9A1B87003078A7 /* Pretendard-Thin.otf */; };
		5CD09CA92C9A1B87003078A7 /* Pretendard-ExtraLight.otf in Resources */ = {isa = PBXBuildFile; fileRef = 5CD09CA02C9A1B87003078A7 /* Pretendard-ExtraLight.otf */; };
		5CD09CAA2C9A1B87003078A7 /* Pretendard-Regular.otf in Resources */ = {isa = PBXBuildFile; fileRef = 5CD09CA12C9A1B87003078A7 /* Pretendard-Regular.otf */; };
		5CD09CAB2C9A1B87003078A7 /* Pretendard-Light.otf in Resources */ = {isa = PBXBuildFile; fileRef = 5CD09CA22C9A1B87003078A7 /* Pretendard-Light.otf */; };
		5CD09CAC2C9A1B87003078A7 /* Pretendard-SemiBold.otf in Resources */ = {isa = PBXBuildFile; fileRef = 5CD09CA32C9A1B87003078A7 /* Pretendard-SemiBold.otf */; };
		5CD09CAD2C9A1B87003078A7 /* Pretendard-Bold.otf in Resources */ = {isa = PBXBuildFile; fileRef = 5CD09CA42C9A1B87003078A7 /* Pretendard-Bold.otf */; };
		5CD09CAE2C9A1B87003078A7 /* Pretendard-Medium.otf in Resources */ = {isa = PBXBuildFile; fileRef = 5CD09CA52C9A1B87003078A7 /* Pretendard-Medium.otf */; };
		5CD09CAF2C9A1B87003078A7 /* Pretendard-Black.otf in Resources */ = {isa = PBXBuildFile; fileRef = 5CD09CA62C9A1B87003078A7 /* Pretendard-Black.otf */; };
		5CD09CB02C9A1B87003078A7 /* Pretendard-ExtraBold.otf in Resources */ = {isa = PBXBuildFile; fileRef = 5CD09CA72C9A1B87003078A7 /* Pretendard-ExtraBold.otf */; };
/* End PBXBuildFile section */

/* Begin PBXFileReference section */
		5CD09C842C9070DD003078A7 /* RecordyClone.app */ = {isa = PBXFileReference; explicitFileType = wrapper.application; includeInIndex = 0; path = RecordyClone.app; sourceTree = BUILT_PRODUCTS_DIR; };
		5CD09C872C9070DD003078A7 /* AppDelegate.swift */ = {isa = PBXFileReference; lastKnownFileType = sourcecode.swift; path = AppDelegate.swift; sourceTree = "<group>"; };
		5CD09C892C9070DD003078A7 /* SceneDelegate.swift */ = {isa = PBXFileReference; lastKnownFileType = sourcecode.swift; path = SceneDelegate.swift; sourceTree = "<group>"; };
		5CD09C8B2C9070DD003078A7 /* ViewController.swift */ = {isa = PBXFileReference; lastKnownFileType = sourcecode.swift; path = ViewController.swift; sourceTree = "<group>"; };
		5CD09C8E2C9070DD003078A7 /* Base */ = {isa = PBXFileReference; lastKnownFileType = file.storyboard; name = Base; path = Base.lproj/Main.storyboard; sourceTree = "<group>"; };
		5CD09C902C9070DF003078A7 /* Assets.xcassets */ = {isa = PBXFileReference; lastKnownFileType = folder.assetcatalog; path = Assets.xcassets; sourceTree = "<group>"; };
		5CD09C932C9070DF003078A7 /* Base */ = {isa = PBXFileReference; lastKnownFileType = file.storyboard; name = Base; path = Base.lproj/LaunchScreen.storyboard; sourceTree = "<group>"; };
		5CD09C952C9070DF003078A7 /* Info.plist */ = {isa = PBXFileReference; lastKnownFileType = text.plist.xml; path = Info.plist; sourceTree = "<group>"; };
		5CD09C9F2C9A1B87003078A7 /* Pretendard-Thin.otf */ = {isa = PBXFileReference; lastKnownFileType = file; path = "Pretendard-Thin.otf"; sourceTree = "<group>"; };
		5CD09CA02C9A1B87003078A7 /* Pretendard-ExtraLight.otf */ = {isa = PBXFileReference; lastKnownFileType = file; path = "Pretendard-ExtraLight.otf"; sourceTree = "<group>"; };
		5CD09CA12C9A1B87003078A7 /* Pretendard-Regular.otf */ = {isa = PBXFileReference; lastKnownFileType = file; path = "Pretendard-Regular.otf"; sourceTree = "<group>"; };
		5CD09CA22C9A1B87003078A7 /* Pretendard-Light.otf */ = {isa = PBXFileReference; lastKnownFileType = file; path = "Pretendard-Light.otf"; sourceTree = "<group>"; };
		5CD09CA32C9A1B87003078A7 /* Pretendard-SemiBold.otf */ = {isa = PBXFileReference; lastKnownFileType = file; path = "Pretendard-SemiBold.otf"; sourceTree = "<group>"; };
		5CD09CA42C9A1B87003078A7 /* Pretendard-Bold.otf */ = {isa = PBXFileReference; lastKnownFileType = file; path = "Pretendard-Bold.otf"; sourceTree = "<group>"; };
		5CD09CA52C9A1B87003078A7 /* Pretendard-Medium.otf */ = {isa = PBXFileReference; lastKnownFileType = file; path = "Pretendard-Medium.otf"; sourceTree = "<group>"; };
		5CD09CA62C9A1B87003078A7 /* Pretendard-Black.otf */ = {isa = PBXFileReference; lastKnownFileType = file; path = "Pretendard-Black.otf"; sourceTree = "<group>"; };
		5CD09CA72C9A1B87003078A7 /* Pretendard-ExtraBold.otf */ = {isa = PBXFileReference; lastKnownFileType = file; path = "Pretendard-ExtraBold.otf"; sourceTree = "<group>"; };
/* End PBXFileReference section */

/* Begin PBXFrameworksBuildPhase section */
		5CD09C812C9070DD003078A7 /* Frameworks */ = {
			isa = PBXFrameworksBuildPhase;
			buildActionMask = 2147483647;
			files = (
			);
			runOnlyForDeploymentPostprocessing = 0;
		};
/* End PBXFrameworksBuildPhase section */

/* Begin PBXGroup section */
		5CD09C7B2C9070DD003078A7 = {
			isa = PBXGroup;
			children = (
				5CD09C862C9070DD003078A7 /* RecordyClone */,
				5CD09C852C9070DD003078A7 /* Products */,
			);
			sourceTree = "<group>";
		};
		5CD09C852C9070DD003078A7 /* Products */ = {
			isa = PBXGroup;
			children = (
				5CD09C842C9070DD003078A7 /* RecordyClone.app */,
			);
			name = Products;
			sourceTree = "<group>";
		};
		5CD09C862C9070DD003078A7 /* RecordyClone */ = {
			isa = PBXGroup;
			children = (
				5CD09C9C2C9A1773003078A7 /* Global */,
				5CD09C9B2C9A175C003078A7 /* Application */,
				5CD09C8B2C9070DD003078A7 /* ViewController.swift */,
				5CD09C8D2C9070DD003078A7 /* Main.storyboard */,
				5CD09C902C9070DF003078A7 /* Assets.xcassets */,
				5CD09C922C9070DF003078A7 /* LaunchScreen.storyboard */,
				5CD09C952C9070DF003078A7 /* Info.plist */,
			);
			path = RecordyClone;
			sourceTree = "<group>";
		};
		5CD09C9B2C9A175C003078A7 /* Application */ = {
			isa = PBXGroup;
			children = (
				5CD09C872C9070DD003078A7 /* AppDelegate.swift */,
				5CD09C892C9070DD003078A7 /* SceneDelegate.swift */,
			);
			path = Application;
			sourceTree = "<group>";
		};
		5CD09C9C2C9A1773003078A7 /* Global */ = {
			isa = PBXGroup;
			children = (
				5CD09C9E2C9A1933003078A7 /* Resources */,
			);
			path = Global;
			sourceTree = "<group>";
		};
		5CD09C9D2C9A1797003078A7 /* Font */ = {
			isa = PBXGroup;
			children = (
				5CD09CA62C9A1B87003078A7 /* Pretendard-Black.otf */,
				5CD09CA42C9A1B87003078A7 /* Pretendard-Bold.otf */,
				5CD09CA72C9A1B87003078A7 /* Pretendard-ExtraBold.otf */,
				5CD09CA02C9A1B87003078A7 /* Pretendard-ExtraLight.otf */,
				5CD09CA22C9A1B87003078A7 /* Pretendard-Light.otf */,
				5CD09CA52C9A1B87003078A7 /* Pretendard-Medium.otf */,
				5CD09CA12C9A1B87003078A7 /* Pretendard-Regular.otf */,
				5CD09CA32C9A1B87003078A7 /* Pretendard-SemiBold.otf */,
				5CD09C9F2C9A1B87003078A7 /* Pretendard-Thin.otf */,
			);
			path = Font;
			sourceTree = "<group>";
		};
		5CD09C9E2C9A1933003078A7 /* Resources */ = {
			isa = PBXGroup;
			children = (
				5CD09C9D2C9A1797003078A7 /* Font */,
			);
			path = Resources;
			sourceTree = "<group>";
		};
/* End PBXGroup section */

/* Begin PBXNativeTarget section */
		5CD09C832C9070DD003078A7 /* RecordyClone */ = {
			isa = PBXNativeTarget;
			buildConfigurationList = 5CD09C982C9070DF003078A7 /* Build configuration list for PBXNativeTarget "RecordyClone" */;
			buildPhases = (
				5CD09C802C9070DD003078A7 /* Sources */,
				5CD09C812C9070DD003078A7 /* Frameworks */,
				5CD09C822C9070DD003078A7 /* Resources */,
			);
			buildRules = (
			);
			dependencies = (
			);
			name = RecordyClone;
			productName = RecordyClone;
			productReference = 5CD09C842C9070DD003078A7 /* RecordyClone.app */;
			productType = "com.apple.product-type.application";
		};
/* End PBXNativeTarget section */

/* Begin PBXProject section */
		5CD09C7C2C9070DD003078A7 /* Project object */ = {
			isa = PBXProject;
			attributes = {
				BuildIndependentTargetsInParallel = 1;
				LastSwiftUpdateCheck = 1530;
				LastUpgradeCheck = 1530;
				TargetAttributes = {
					5CD09C832C9070DD003078A7 = {
						CreatedOnToolsVersion = 15.3;
					};
				};
			};
			buildConfigurationList = 5CD09C7F2C9070DD003078A7 /* Build configuration list for PBXProject "RecordyClone" */;
			compatibilityVersion = "Xcode 14.0";
			developmentRegion = en;
			hasScannedForEncodings = 0;
			knownRegions = (
				en,
				Base,
			);
			mainGroup = 5CD09C7B2C9070DD003078A7;
			productRefGroup = 5CD09C852C9070DD003078A7 /* Products */;
			projectDirPath = "";
			projectRoot = "";
			targets = (
				5CD09C832C9070DD003078A7 /* RecordyClone */,
			);
		};
/* End PBXProject section */

/* Begin PBXResourcesBuildPhase section */
		5CD09C822C9070DD003078A7 /* Resources */ = {
			isa = PBXResourcesBuildPhase;
			buildActionMask = 2147483647;
			files = (
				5CD09C912C9070DF003078A7 /* Assets.xcassets in Resources */,
				5CD09CAE2C9A1B87003078A7 /* Pretendard-Medium.otf in Resources */,
				5CD09CB02C9A1B87003078A7 /* Pretendard-ExtraBold.otf in Resources */,
				5CD09CAA2C9A1B87003078A7 /* Pretendard-Regular.otf in Resources */,
				5CD09C942C9070DF003078A7 /* Base in Resources */,
				5CD09CAC2C9A1B87003078A7 /* Pretendard-SemiBold.otf in Resources */,
				5CD09CA92C9A1B87003078A7 /* Pretendard-ExtraLight.otf in Resources */,
				5CD09CAF2C9A1B87003078A7 /* Pretendard-Black.otf in Resources */,
				5CD09CAB2C9A1B87003078A7 /* Pretendard-Light.otf in Resources */,
				5CD09C8F2C9070DD003078A7 /* Base in Resources */,
				5CD09CAD2C9A1B87003078A7 /* Pretendard-Bold.otf in Resources */,
				5CD09CA82C9A1B87003078A7 /* Pretendard-Thin.otf in Resources */,
			);
			runOnlyForDeploymentPostprocessing = 0;
		};
/* End PBXResourcesBuildPhase section */

/* Begin PBXSourcesBuildPhase section */
		5CD09C802C9070DD003078A7 /* Sources */ = {
			isa = PBXSourcesBuildPhase;
			buildActionMask = 2147483647;
			files = (
				5CD09C8C2C9070DD003078A7 /* ViewController.swift in Sources */,
				5CD09C882C9070DD003078A7 /* AppDelegate.swift in Sources */,
				5CD09C8A2C9070DD003078A7 /* SceneDelegate.swift in Sources */,
			);
			runOnlyForDeploymentPostprocessing = 0;
		};
/* End PBXSourcesBuildPhase section */

/* Begin PBXVariantGroup section */
		5CD09C8D2C9070DD003078A7 /* Main.storyboard */ = {
			isa = PBXVariantGroup;
			children = (
				5CD09C8E2C9070DD003078A7 /* Base */,
			);
			name = Main.storyboard;
			sourceTree = "<group>";
		};
		5CD09C922C9070DF003078A7 /* LaunchScreen.storyboard */ = {
			isa = PBXVariantGroup;
			children = (
				5CD09C932C9070DF003078A7 /* Base */,
			);
			name = LaunchScreen.storyboard;
			sourceTree = "<group>";
		};
/* End PBXVariantGroup section */

/* Begin XCBuildConfiguration section */
		5CD09C962C9070DF003078A7 /* Debug */ = {
			isa = XCBuildConfiguration;
			buildSettings = {
				ALWAYS_SEARCH_USER_PATHS = NO;
				ASSETCATALOG_COMPILER_GENERATE_SWIFT_ASSET_SYMBOL_EXTENSIONS = YES;
				CLANG_ANALYZER_NONNULL = YES;
				CLANG_ANALYZER_NUMBER_OBJECT_CONVERSION = YES_AGGRESSIVE;
				CLANG_CXX_LANGUAGE_STANDARD = "gnu++20";
				CLANG_ENABLE_MODULES = YES;
				CLANG_ENABLE_OBJC_ARC = YES;
				CLANG_ENABLE_OBJC_WEAK = YES;
				CLANG_WARN_BLOCK_CAPTURE_AUTORELEASING = YES;
				CLANG_WARN_BOOL_CONVERSION = YES;
				CLANG_WARN_COMMA = YES;
				CLANG_WARN_CONSTANT_CONVERSION = YES;
				CLANG_WARN_DEPRECATED_OBJC_IMPLEMENTATIONS = YES;
				CLANG_WARN_DIRECT_OBJC_ISA_USAGE = YES_ERROR;
				CLANG_WARN_DOCUMENTATION_COMMENTS = YES;
				CLANG_WARN_EMPTY_BODY = YES;
				CLANG_WARN_ENUM_CONVERSION = YES;
				CLANG_WARN_INFINITE_RECURSION = YES;
				CLANG_WARN_INT_CONVERSION = YES;
				CLANG_WARN_NON_LITERAL_NULL_CONVERSION = YES;
				CLANG_WARN_OBJC_IMPLICIT_RETAIN_SELF = YES;
				CLANG_WARN_OBJC_LITERAL_CONVERSION = YES;
				CLANG_WARN_OBJC_ROOT_CLASS = YES_ERROR;
				CLANG_WARN_QUOTED_INCLUDE_IN_FRAMEWORK_HEADER = YES;
				CLANG_WARN_RANGE_LOOP_ANALYSIS = YES;
				CLANG_WARN_STRICT_PROTOTYPES = YES;
				CLANG_WARN_SUSPICIOUS_MOVE = YES;
				CLANG_WARN_UNGUARDED_AVAILABILITY = YES_AGGRESSIVE;
				CLANG_WARN_UNREACHABLE_CODE = YES;
				CLANG_WARN__DUPLICATE_METHOD_MATCH = YES;
				COPY_PHASE_STRIP = NO;
				DEBUG_INFORMATION_FORMAT = dwarf;
				ENABLE_STRICT_OBJC_MSGSEND = YES;
				ENABLE_TESTABILITY = YES;
				ENABLE_USER_SCRIPT_SANDBOXING = YES;
				GCC_C_LANGUAGE_STANDARD = gnu17;
				GCC_DYNAMIC_NO_PIC = NO;
				GCC_NO_COMMON_BLOCKS = YES;
				GCC_OPTIMIZATION_LEVEL = 0;
				GCC_PREPROCESSOR_DEFINITIONS = (
					"DEBUG=1",
					"$(inherited)",
				);
				GCC_WARN_64_TO_32_BIT_CONVERSION = YES;
				GCC_WARN_ABOUT_RETURN_TYPE = YES_ERROR;
				GCC_WARN_UNDECLARED_SELECTOR = YES;
				GCC_WARN_UNINITIALIZED_AUTOS = YES_AGGRESSIVE;
				GCC_WARN_UNUSED_FUNCTION = YES;
				GCC_WARN_UNUSED_VARIABLE = YES;
				IPHONEOS_DEPLOYMENT_TARGET = 17.4;
				LOCALIZATION_PREFERS_STRING_CATALOGS = YES;
				MTL_ENABLE_DEBUG_INFO = INCLUDE_SOURCE;
				MTL_FAST_MATH = YES;
				ONLY_ACTIVE_ARCH = YES;
				SDKROOT = iphoneos;
				SWIFT_ACTIVE_COMPILATION_CONDITIONS = "DEBUG $(inherited)";
				SWIFT_OPTIMIZATION_LEVEL = "-Onone";
			};
			name = Debug;
		};
		5CD09C972C9070DF003078A7 /* Release */ = {
			isa = XCBuildConfiguration;
			buildSettings = {
				ALWAYS_SEARCH_USER_PATHS = NO;
				ASSETCATALOG_COMPILER_GENERATE_SWIFT_ASSET_SYMBOL_EXTENSIONS = YES;
				CLANG_ANALYZER_NONNULL = YES;
				CLANG_ANALYZER_NUMBER_OBJECT_CONVERSION = YES_AGGRESSIVE;
				CLANG_CXX_LANGUAGE_STANDARD = "gnu++20";
				CLANG_ENABLE_MODULES = YES;
				CLANG_ENABLE_OBJC_ARC = YES;
				CLANG_ENABLE_OBJC_WEAK = YES;
				CLANG_WARN_BLOCK_CAPTURE_AUTORELEASING = YES;
				CLANG_WARN_BOOL_CONVERSION = YES;
				CLANG_WARN_COMMA = YES;
				CLANG_WARN_CONSTANT_CONVERSION = YES;
				CLANG_WARN_DEPRECATED_OBJC_IMPLEMENTATIONS = YES;
				CLANG_WARN_DIRECT_OBJC_ISA_USAGE = YES_ERROR;
				CLANG_WARN_DOCUMENTATION_COMMENTS = YES;
				CLANG_WARN_EMPTY_BODY = YES;
				CLANG_WARN_ENUM_CONVERSION = YES;
				CLANG_WARN_INFINITE_RECURSION = YES;
				CLANG_WARN_INT_CONVERSION = YES;
				CLANG_WARN_NON_LITERAL_NULL_CONVERSION = YES;
				CLANG_WARN_OBJC_IMPLICIT_RETAIN_SELF = YES;
				CLANG_WARN_OBJC_LITERAL_CONVERSION = YES;
				CLANG_WARN_OBJC_ROOT_CLASS = YES_ERROR;
				CLANG_WARN_QUOTED_INCLUDE_IN_FRAMEWORK_HEADER = YES;
				CLANG_WARN_RANGE_LOOP_ANALYSIS = YES;
				CLANG_WARN_STRICT_PROTOTYPES = YES;
				CLANG_WARN_SUSPICIOUS_MOVE = YES;
				CLANG_WARN_UNGUARDED_AVAILABILITY = YES_AGGRESSIVE;
				CLANG_WARN_UNREACHABLE_CODE = YES;
				CLANG_WARN__DUPLICATE_METHOD_MATCH = YES;
				COPY_PHASE_STRIP = NO;
				DEBUG_INFORMATION_FORMAT = "dwarf-with-dsym";
				ENABLE_NS_ASSERTIONS = NO;
				ENABLE_STRICT_OBJC_MSGSEND = YES;
				ENABLE_USER_SCRIPT_SANDBOXING = YES;
				GCC_C_LANGUAGE_STANDARD = gnu17;
				GCC_NO_COMMON_BLOCKS = YES;
				GCC_WARN_64_TO_32_BIT_CONVERSION = YES;
				GCC_WARN_ABOUT_RETURN_TYPE = YES_ERROR;
				GCC_WARN_UNDECLARED_SELECTOR = YES;
				GCC_WARN_UNINITIALIZED_AUTOS = YES_AGGRESSIVE;
				GCC_WARN_UNUSED_FUNCTION = YES;
				GCC_WARN_UNUSED_VARIABLE = YES;
				IPHONEOS_DEPLOYMENT_TARGET = 17.4;
				LOCALIZATION_PREFERS_STRING_CATALOGS = YES;
				MTL_ENABLE_DEBUG_INFO = NO;
				MTL_FAST_MATH = YES;
				SDKROOT = iphoneos;
				SWIFT_COMPILATION_MODE = wholemodule;
				VALIDATE_PRODUCT = YES;
			};
			name = Release;
		};
		5CD09C992C9070DF003078A7 /* Debug */ = {
			isa = XCBuildConfiguration;
			buildSettings = {
				ASSETCATALOG_COMPILER_APPICON_NAME = AppIcon;
				ASSETCATALOG_COMPILER_GLOBAL_ACCENT_COLOR_NAME = AccentColor;
				CODE_SIGN_STYLE = Automatic;
				CURRENT_PROJECT_VERSION = 1;
				DEVELOPMENT_TEAM = AS2KK6HR94;
				GENERATE_INFOPLIST_FILE = YES;
				INFOPLIST_FILE = RecordyClone/Info.plist;
				INFOPLIST_KEY_UIApplicationSupportsIndirectInputEvents = YES;
				INFOPLIST_KEY_UILaunchStoryboardName = LaunchScreen;
				INFOPLIST_KEY_UIMainStoryboardFile = Main;
				INFOPLIST_KEY_UISupportedInterfaceOrientations_iPad = "UIInterfaceOrientationPortrait UIInterfaceOrientationPortraitUpsideDown UIInterfaceOrientationLandscapeLeft UIInterfaceOrientationLandscapeRight";
				INFOPLIST_KEY_UISupportedInterfaceOrientations_iPhone = "UIInterfaceOrientationPortrait UIInterfaceOrientationLandscapeLeft UIInterfaceOrientationLandscapeRight";
				LD_RUNPATH_SEARCH_PATHS = (
					"$(inherited)",
					"@executable_path/Frameworks",
				);
				MARKETING_VERSION = 1.0;
				PRODUCT_BUNDLE_IDENTIFIER = com.song.RecordyClone;
				PRODUCT_NAME = "$(TARGET_NAME)";
				SWIFT_EMIT_LOC_STRINGS = YES;
				SWIFT_VERSION = 5.0;
				TARGETED_DEVICE_FAMILY = "1,2";
			};
			name = Debug;
		};
		5CD09C9A2C9070DF003078A7 /* Release */ = {
			isa = XCBuildConfiguration;
			buildSettings = {
				ASSETCATALOG_COMPILER_APPICON_NAME = AppIcon;
				ASSETCATALOG_COMPILER_GLOBAL_ACCENT_COLOR_NAME = AccentColor;
				CODE_SIGN_STYLE = Automatic;
				CURRENT_PROJECT_VERSION = 1;
				DEVELOPMENT_TEAM = AS2KK6HR94;
				GENERATE_INFOPLIST_FILE = YES;
				INFOPLIST_FILE = RecordyClone/Info.plist;
				INFOPLIST_KEY_UIApplicationSupportsIndirectInputEvents = YES;
				INFOPLIST_KEY_UILaunchStoryboardName = LaunchScreen;
				INFOPLIST_KEY_UIMainStoryboardFile = Main;
				INFOPLIST_KEY_UISupportedInterfaceOrientations_iPad = "UIInterfaceOrientationPortrait UIInterfaceOrientationPortraitUpsideDown UIInterfaceOrientationLandscapeLeft UIInterfaceOrientationLandscapeRight";
				INFOPLIST_KEY_UISupportedInterfaceOrientations_iPhone = "UIInterfaceOrientationPortrait UIInterfaceOrientationLandscapeLeft UIInterfaceOrientationLandscapeRight";
				LD_RUNPATH_SEARCH_PATHS = (
					"$(inherited)",
					"@executable_path/Frameworks",
				);
				MARKETING_VERSION = 1.0;
				PRODUCT_BUNDLE_IDENTIFIER = com.song.RecordyClone;
				PRODUCT_NAME = "$(TARGET_NAME)";
				SWIFT_EMIT_LOC_STRINGS = YES;
				SWIFT_VERSION = 5.0;
				TARGETED_DEVICE_FAMILY = "1,2";
			};
			name = Release;
		};
/* End XCBuildConfiguration section */

/* Begin XCConfigurationList section */
		5CD09C7F2C9070DD003078A7 /* Build configuration list for PBXProject "RecordyClone" */ = {
			isa = XCConfigurationList;
			buildConfigurations = (
				5CD09C962C9070DF003078A7 /* Debug */,
				5CD09C972C9070DF003078A7 /* Release */,
			);
			defaultConfigurationIsVisible = 0;
			defaultConfigurationName = Release;
		};
		5CD09C982C9070DF003078A7 /* Build configuration list for PBXNativeTarget "RecordyClone" */ = {
			isa = XCConfigurationList;
			buildConfigurations = (
				5CD09C992C9070DF003078A7 /* Debug */,
				5CD09C9A2C9070DF003078A7 /* Release */,
			);
			defaultConfigurationIsVisible = 0;
			defaultConfigurationName = Release;
		};
/* End XCConfigurationList section */
	};
	rootObject = 5CD09C7C2C9070DD003078A7 /* Project object */;
}
